
Microsoft Visual Studio Solution File, Format Version 12.00
# Visual Studio 15
VisualStudioVersion = 15.0.27004.2006
MinimumVisualStudioVersion = 10.0.40219.1
Project("{FAE04EC0-301F-11D3-BF4B-00C04F79EFBC}") = "LearningPlatform", "LearningPlatform\LearningPlatform.csproj", "{4067D7E1-E87D-4BA9-B268-DA4F1E7473A7}"
	ProjectSection(ProjectDependencies) = postProject
		{85AEA530-ED22-4871-B571-547BCD7AD01B} = {85AEA530-ED22-4871-B571-547BCD7AD01B}
		{DB21EA51-0499-435A-814C-1716D155A0EC} = {DB21EA51-0499-435A-814C-1716D155A0EC}
		{5859C4DD-4E82-48F8-B303-E6209DBB7B66} = {5859C4DD-4E82-48F8-B303-E6209DBB7B66}
	EndProjectSection
EndProject
Project("{FAE04EC0-301F-11D3-BF4B-00C04F79EFBC}") = "LearningPlatform.Tests", "LearningPlatform.Tests\LearningPlatform.Tests.csproj", "{296C48C0-EC29-4CB3-9BFC-B8829C9CC43B}"
EndProject
Project("{00D1A9C2-B5F0-4AF3-8072-F6C62B433612}") = "LearningPlatform.SQL", "LearningPlatform.SQL\LearningPlatform.SQL.sqlproj", "{85AEA530-ED22-4871-B571-547BCD7AD01B}"
EndProject
Project("{FAE04EC0-301F-11D3-BF4B-00C04F79EFBC}") = "LearningPlatform.Core", "LearningPlatform.Core\LearningPlatform.Core.csproj", "{225F2579-E5CA-4A2F-87F6-154156514A17}"
EndProject
Project("{FAE04EC0-301F-11D3-BF4B-00C04F79EFBC}") = "LearningPlatform.DAL", "LearningPlatform.DAL\LearningPlatform.DAL.csproj", "{DB21EA51-0499-435A-814C-1716D155A0EC}"
EndProject
Project("{FAE04EC0-301F-11D3-BF4B-00C04F79EFBC}") = "ArusTest", "ArusTest\ArusTest.csproj", "{75B32D34-55DA-4C9E-852D-CE40D957717F}"
EndProject
Project("{FAE04EC0-301F-11D3-BF4B-00C04F79EFBC}") = "LearningPlatform.API", "LearningPlatform.API\LearningPlatform.API.csproj", "{5859C4DD-4E82-48F8-B303-E6209DBB7B66}"
EndProject
Project("{FAE04EC0-301F-11D3-BF4B-00C04F79EFBC}") = "LearningPlatform.Helpers", "LearningPlatform.Helpers\LearningPlatform.Helpers.csproj", "{23A3CFB4-1EC3-4479-A2E1-36434C820F7D}"
EndProject
Global
	GlobalSection(SolutionConfigurationPlatforms) = preSolution
		Debug|Any CPU = Debug|Any CPU
		Release|Any CPU = Release|Any CPU
	EndGlobalSection
	GlobalSection(ProjectConfigurationPlatforms) = postSolution
		{4067D7E1-E87D-4BA9-B268-DA4F1E7473A7}.Debug|Any CPU.ActiveCfg = Debug|Any CPU
		{4067D7E1-E87D-4BA9-B268-DA4F1E7473A7}.Debug|Any CPU.Build.0 = Debug|Any CPU
		{4067D7E1-E87D-4BA9-B268-DA4F1E7473A7}.Release|Any CPU.ActiveCfg = Release|Any CPU
		{4067D7E1-E87D-4BA9-B268-DA4F1E7473A7}.Release|Any CPU.Build.0 = Release|Any CPU
		{296C48C0-EC29-4CB3-9BFC-B8829C9CC43B}.Debug|Any CPU.ActiveCfg = Debug|Any CPU
		{296C48C0-EC29-4CB3-9BFC-B8829C9CC43B}.Release|Any CPU.ActiveCfg = Release|Any CPU
		{296C48C0-EC29-4CB3-9BFC-B8829C9CC43B}.Release|Any CPU.Build.0 = Release|Any CPU
		{85AEA530-ED22-4871-B571-547BCD7AD01B}.Debug|Any CPU.ActiveCfg = Debug|Any CPU
		{85AEA530-ED22-4871-B571-547BCD7AD01B}.Debug|Any CPU.Build.0 = Debug|Any CPU
		{85AEA530-ED22-4871-B571-547BCD7AD01B}.Debug|Any CPU.Deploy.0 = Debug|Any CPU
		{85AEA530-ED22-4871-B571-547BCD7AD01B}.Release|Any CPU.ActiveCfg = Release|Any CPU
		{85AEA530-ED22-4871-B571-547BCD7AD01B}.Release|Any CPU.Build.0 = Release|Any CPU
		{85AEA530-ED22-4871-B571-547BCD7AD01B}.Release|Any CPU.Deploy.0 = Release|Any CPU
		{225F2579-E5CA-4A2F-87F6-154156514A17}.Debug|Any CPU.ActiveCfg = Debug|Any CPU
		{225F2579-E5CA-4A2F-87F6-154156514A17}.Debug|Any CPU.Build.0 = Debug|Any CPU
		{225F2579-E5CA-4A2F-87F6-154156514A17}.Release|Any CPU.ActiveCfg = Release|Any CPU
		{225F2579-E5CA-4A2F-87F6-154156514A17}.Release|Any CPU.Build.0 = Release|Any CPU
		{DB21EA51-0499-435A-814C-1716D155A0EC}.Debug|Any CPU.ActiveCfg = Debug|Any CPU
		{DB21EA51-0499-435A-814C-1716D155A0EC}.Debug|Any CPU.Build.0 = Debug|Any CPU
		{DB21EA51-0499-435A-814C-1716D155A0EC}.Release|Any CPU.ActiveCfg = Release|Any CPU
		{DB21EA51-0499-435A-814C-1716D155A0EC}.Release|Any CPU.Build.0 = Release|Any CPU
		{75B32D34-55DA-4C9E-852D-CE40D957717F}.Debug|Any CPU.ActiveCfg = Debug|Any CPU
		{75B32D34-55DA-4C9E-852D-CE40D957717F}.Release|Any CPU.ActiveCfg = Release|Any CPU
		{75B32D34-55DA-4C9E-852D-CE40D957717F}.Release|Any CPU.Build.0 = Release|Any CPU
		{5859C4DD-4E82-48F8-B303-E6209DBB7B66}.Debug|Any CPU.ActiveCfg = Debug|Any CPU
		{5859C4DD-4E82-48F8-B303-E6209DBB7B66}.Debug|Any CPU.Build.0 = Debug|Any CPU
		{5859C4DD-4E82-48F8-B303-E6209DBB7B66}.Release|Any CPU.ActiveCfg = Release|Any CPU
		{5859C4DD-4E82-48F8-B303-E6209DBB7B66}.Release|Any CPU.Build.0 = Release|Any CPU
		{23A3CFB4-1EC3-4479-A2E1-36434C820F7D}.Debug|Any CPU.ActiveCfg = Debug|Any CPU
		{23A3CFB4-1EC3-4479-A2E1-36434C820F7D}.Debug|Any CPU.Build.0 = Debug|Any CPU
		{23A3CFB4-1EC3-4479-A2E1-36434C820F7D}.Release|Any CPU.ActiveCfg = Release|Any CPU
		{23A3CFB4-1EC3-4479-A2E1-36434C820F7D}.Release|Any CPU.Build.0 = Release|Any CPU
	EndGlobalSection
	GlobalSection(SolutionProperties) = preSolution
		HideSolutionNode = FALSE
	EndGlobalSection
	GlobalSection(ExtensibilityGlobals) = postSolution
		SolutionGuid = {7201B178-0075-4291-A6BD-88DDCF3C0089}
	EndGlobalSection
EndGlobal
